// !$*UTF8*$!
{
	archiveVersion = 1;
	classes = {
	};
	objectVersion = 50;
	objects = {

/* Begin PBXBuildFile section */
		F16AA5F125F43FF700348E8B /* FloodDisasterAppApp.swift in Sources */ = {isa = PBXBuildFile; fileRef = F16AA5F025F43FF700348E8B /* FloodDisasterAppApp.swift */; };
		F16AA5F325F43FF700348E8B /* ContentView.swift in Sources */ = {isa = PBXBuildFile; fileRef = F16AA5F225F43FF700348E8B /* ContentView.swift */; };
		F16AA5F525F43FFA00348E8B /* Assets.xcassets in Resources */ = {isa = PBXBuildFile; fileRef = F16AA5F425F43FFA00348E8B /* Assets.xcassets */; };
		F16AA5F825F43FFA00348E8B /* Preview Assets.xcassets in Resources */ = {isa = PBXBuildFile; fileRef = F16AA5F725F43FFA00348E8B /* Preview Assets.xcassets */; };
		F16AA60B25F456B100348E8B /* Roboto-Bold.ttf in Resources */ = {isa = PBXBuildFile; fileRef = F16AA60A25F456B100348E8B /* Roboto-Bold.ttf */; };
		F16AA60E25F4570100348E8B /* Roboto-Regular.ttf in Resources */ = {isa = PBXBuildFile; fileRef = F16AA60D25F4570100348E8B /* Roboto-Regular.ttf */; };
		F16AA61325F45DDD00348E8B /* BasicNecessities.swift in Sources */ = {isa = PBXBuildFile; fileRef = F16AA61225F45DDD00348E8B /* BasicNecessities.swift */; };
		F16AA61625F465BC00348E8B /* Technology.swift in Sources */ = {isa = PBXBuildFile; fileRef = F16AA61525F465BC00348E8B /* Technology.swift */; };
		F16AA61925F465CE00348E8B /* Documents.swift in Sources */ = {isa = PBXBuildFile; fileRef = F16AA61825F465CE00348E8B /* Documents.swift */; };
		F16AA61C25F465DB00348E8B /* SelfCare.swift in Sources */ = {isa = PBXBuildFile; fileRef = F16AA61B25F465DB00348E8B /* SelfCare.swift */; };
		F16AA61F25F467CB00348E8B /* FirstAid.swift in Sources */ = {isa = PBXBuildFile; fileRef = F16AA61E25F467CB00348E8B /* FirstAid.swift */; };
/* End PBXBuildFile section */

/* Begin PBXFileReference section */
		F16AA5ED25F43FF700348E8B /* FloodDisasterApp.app */ = {isa = PBXFileReference; explicitFileType = wrapper.application; includeInIndex = 0; path = FloodDisasterApp.app; sourceTree = BUILT_PRODUCTS_DIR; };
		F16AA5F025F43FF700348E8B /* FloodDisasterAppApp.swift */ = {isa = PBXFileReference; lastKnownFileType = sourcecode.swift; path = FloodDisasterAppApp.swift; sourceTree = "<group>"; };
		F16AA5F225F43FF700348E8B /* ContentView.swift */ = {isa = PBXFileReference; lastKnownFileType = sourcecode.swift; path = ContentView.swift; sourceTree = "<group>"; };
		F16AA5F425F43FFA00348E8B /* Assets.xcassets */ = {isa = PBXFileReference; lastKnownFileType = folder.assetcatalog; path = Assets.xcassets; sourceTree = "<group>"; };
		F16AA5F725F43FFA00348E8B /* Preview Assets.xcassets */ = {isa = PBXFileReference; lastKnownFileType = folder.assetcatalog; path = "Preview Assets.xcassets"; sourceTree = "<group>"; };
		F16AA5F925F43FFA00348E8B /* Info.plist */ = {isa = PBXFileReference; lastKnownFileType = text.plist.xml; name = Info.plist; path = FloodDisasterApp/Info.plist; sourceTree = SOURCE_ROOT; };
		F16AA60A25F456B100348E8B /* Roboto-Bold.ttf */ = {isa = PBXFileReference; lastKnownFileType = file; name = "Roboto-Bold.ttf"; path = "../../CoHackathon_App/CoHackathon_App/Roboto-Bold.ttf"; sourceTree = "<group>"; };
		F16AA60D25F4570100348E8B /* Roboto-Regular.ttf */ = {isa = PBXFileReference; lastKnownFileType = file; path = "Roboto-Regular.ttf"; sourceTree = "<group>"; };
		F16AA61225F45DDD00348E8B /* BasicNecessities.swift */ = {isa = PBXFileReference; lastKnownFileType = sourcecode.swift; path = BasicNecessities.swift; sourceTree = "<group>"; };
		F16AA61525F465BC00348E8B /* Technology.swift */ = {isa = PBXFileReference; lastKnownFileType = sourcecode.swift; path = Technology.swift; sourceTree = "<group>"; };
		F16AA61825F465CE00348E8B /* Documents.swift */ = {isa = PBXFileReference; lastKnownFileType = sourcecode.swift; path = Documents.swift; sourceTree = "<group>"; };
		F16AA61B25F465DB00348E8B /* SelfCare.swift */ = {isa = PBXFileReference; lastKnownFileType = sourcecode.swift; path = SelfCare.swift; sourceTree = "<group>"; };
		F16AA61E25F467CB00348E8B /* FirstAid.swift */ = {isa = PBXFileReference; lastKnownFileType = sourcecode.swift; path = FirstAid.swift; sourceTree = "<group>"; };
/* End PBXFileReference section */

/* Begin PBXFrameworksBuildPhase section */
		F16AA5EA25F43FF700348E8B /* Frameworks */ = {
			isa = PBXFrameworksBuildPhase;
			buildActionMask = 2147483647;
			files = (
			);
			runOnlyForDeploymentPostprocessing = 0;
		};
/* End PBXFrameworksBuildPhase section */

/* Begin PBXGroup section */
		F16AA5E425F43FF700348E8B = {
			isa = PBXGroup;
			children = (
				F16AA5EF25F43FF700348E8B /* FloodDisasterApp */,
				F16AA5EE25F43FF700348E8B /* Products */,
			);
			sourceTree = "<group>";
		};
		F16AA5EE25F43FF700348E8B /* Products */ = {
			isa = PBXGroup;
			children = (
				F16AA5ED25F43FF700348E8B /* FloodDisasterApp.app */,
			);
			name = Products;
			sourceTree = "<group>";
		};
		F16AA5EF25F43FF700348E8B /* FloodDisasterApp */ = {
			isa = PBXGroup;
			children = (
				F16AA61025F45A6F00348E8B /* Views */,
				F16AA5F425F43FFA00348E8B /* Assets.xcassets */,
				F16AA5F925F43FFA00348E8B /* Info.plist */,
				F16AA60D25F4570100348E8B /* Roboto-Regular.ttf */,
				F16AA60A25F456B100348E8B /* Roboto-Bold.ttf */,
				F16AA5F625F43FFA00348E8B /* Preview Content */,
			);
			path = FloodDisasterApp;
			sourceTree = "<group>";
		};
		F16AA5F625F43FFA00348E8B /* Preview Content */ = {
			isa = PBXGroup;
			children = (
				F16AA5F725F43FFA00348E8B /* Preview Assets.xcassets */,
			);
			path = "Preview Content";
			sourceTree = "<group>";
		};
		F16AA61025F45A6F00348E8B /* Views */ = {
			isa = PBXGroup;
			children = (
				F16AA5F025F43FF700348E8B /* FloodDisasterAppApp.swift */,
				F16AA5F225F43FF700348E8B /* ContentView.swift */,
				F16AA61225F45DDD00348E8B /* BasicNecessities.swift */,
				F16AA61525F465BC00348E8B /* Technology.swift */,
				F16AA61825F465CE00348E8B /* Documents.swift */,
				F16AA61B25F465DB00348E8B /* SelfCare.swift */,
				F16AA61E25F467CB00348E8B /* FirstAid.swift */,
			);
			path = Views;
			sourceTree = "<group>";
		};
/* End PBXGroup section */

/* Begin PBXNativeTarget section */
		F16AA5EC25F43FF700348E8B /* FloodDisasterApp */ = {
			isa = PBXNativeTarget;
			buildConfigurationList = F16AA5FC25F43FFA00348E8B /* Build configuration list for PBXNativeTarget "FloodDisasterApp" */;
			buildPhases = (
				F16AA5E925F43FF700348E8B /* Sources */,
				F16AA5EA25F43FF700348E8B /* Frameworks */,
				F16AA5EB25F43FF700348E8B /* Resources */,
			);
			buildRules = (
			);
			dependencies = (
			);
			name = FloodDisasterApp;
			productName = FloodDisasterApp;
			productReference = F16AA5ED25F43FF700348E8B /* FloodDisasterApp.app */;
			productType = "com.apple.product-type.application";
		};
/* End PBXNativeTarget section */

/* Begin PBXProject section */
		F16AA5E525F43FF700348E8B /* Project object */ = {
			isa = PBXProject;
			attributes = {
				LastSwiftUpdateCheck = 1240;
				LastUpgradeCheck = 1240;
				TargetAttributes = {
					F16AA5EC25F43FF700348E8B = {
						CreatedOnToolsVersion = 12.4;
					};
				};
			};
			buildConfigurationList = F16AA5E825F43FF700348E8B /* Build configuration list for PBXProject "FloodDisasterApp" */;
			compatibilityVersion = "Xcode 9.3";
			developmentRegion = en;
			hasScannedForEncodings = 0;
			knownRegions = (
				en,
				Base,
			);
			mainGroup = F16AA5E425F43FF700348E8B;
			productRefGroup = F16AA5EE25F43FF700348E8B /* Products */;
			projectDirPath = "";
			projectRoot = "";
			targets = (
				F16AA5EC25F43FF700348E8B /* FloodDisasterApp */,
			);
		};
/* End PBXProject section */

/* Begin PBXResourcesBuildPhase section */
		F16AA5EB25F43FF700348E8B /* Resources */ = {
			isa = PBXResourcesBuildPhase;
			buildActionMask = 2147483647;
			files = (
				F16AA5F825F43FFA00348E8B /* Preview Assets.xcassets in Resources */,
				F16AA5F525F43FFA00348E8B /* Assets.xcassets in Resources */,
				F16AA60E25F4570100348E8B /* Roboto-Regular.ttf in Resources */,
				F16AA60B25F456B100348E8B /* Roboto-Bold.ttf in Resources */,
			);
			runOnlyForDeploymentPostprocessing = 0;
		};
/* End PBXResourcesBuildPhase section */

/* Begin PBXSourcesBuildPhase section */
		F16AA5E925F43FF700348E8B /* Sources */ = {
			isa = PBXSourcesBuildPhase;
			buildActionMask = 2147483647;
			files = (
				F16AA5F325F43FF700348E8B /* ContentView.swift in Sources */,
				F16AA61325F45DDD00348E8B /* BasicNecessities.swift in Sources */,
				F16AA61925F465CE00348E8B /* Documents.swift in Sources */,
				F16AA5F125F43FF700348E8B /* FloodDisasterAppApp.swift in Sources */,
				F16AA61C25F465DB00348E8B /* SelfCare.swift in Sources */,
				F16AA61625F465BC00348E8B /* Technology.swift in Sources */,
				F16AA61F25F467CB00348E8B /* FirstAid.swift in Sources */,
			);
			runOnlyForDeploymentPostprocessing = 0;
		};
/* End PBXSourcesBuildPhase section */

/* Begin XCBuildConfiguration section */
		F16AA5FA25F43FFA00348E8B /* Debug */ = {
			isa = XCBuildConfiguration;
			buildSettings = {
				ALWAYS_SEARCH_USER_PATHS = NO;
				CLANG_ANALYZER_NONNULL = YES;
				CLANG_ANALYZER_NUMBER_OBJECT_CONVERSION = YES_AGGRESSIVE;
				CLANG_CXX_LANGUAGE_STANDARD = "gnu++14";
				CLANG_CXX_LIBRARY = "libc++";
				CLANG_ENABLE_MODULES = YES;
				CLANG_ENABLE_OBJC_ARC = YES;
				CLANG_ENABLE_OBJC_WEAK = YES;
				CLANG_WARN_BLOCK_CAPTURE_AUTORELEASING = YES;
				CLANG_WARN_BOOL_CONVERSION = YES;
				CLANG_WARN_COMMA = YES;
				CLANG_WARN_CONSTANT_CONVERSION = YES;
				CLANG_WARN_DEPRECATED_OBJC_IMPLEMENTATIONS = YES;
				CLANG_WARN_DIRECT_OBJC_ISA_USAGE = YES_ERROR;
				CLANG_WARN_DOCUMENTATION_COMMENTS = YES;
				CLANG_WARN_EMPTY_BODY = YES;
				CLANG_WARN_ENUM_CONVERSION = YES;
				CLANG_WARN_INFINITE_RECURSION = YES;
				CLANG_WARN_INT_CONVERSION = YES;
				CLANG_WARN_NON_LITERAL_NULL_CONVERSION = YES;
				CLANG_WARN_OBJC_IMPLICIT_RETAIN_SELF = YES;
				CLANG_WARN_OBJC_LITERAL_CONVERSION = YES;
				CLANG_WARN_OBJC_ROOT_CLASS = YES_ERROR;
				CLANG_WARN_QUOTED_INCLUDE_IN_FRAMEWORK_HEADER = YES;
				CLANG_WARN_RANGE_LOOP_ANALYSIS = YES;
				CLANG_WARN_STRICT_PROTOTYPES = YES;
				CLANG_WARN_SUSPICIOUS_MOVE = YES;
				CLANG_WARN_UNGUARDED_AVAILABILITY = YES_AGGRESSIVE;
				CLANG_WARN_UNREACHABLE_CODE = YES;
				CLANG_WARN__DUPLICATE_METHOD_MATCH = YES;
				COPY_PHASE_STRIP = NO;
				DEBUG_INFORMATION_FORMAT = dwarf;
				ENABLE_STRICT_OBJC_MSGSEND = YES;
				ENABLE_TESTABILITY = YES;
				GCC_C_LANGUAGE_STANDARD = gnu11;
				GCC_DYNAMIC_NO_PIC = NO;
				GCC_NO_COMMON_BLOCKS = YES;
				GCC_OPTIMIZATION_LEVEL = 0;
				GCC_PREPROCESSOR_DEFINITIONS = (
					"DEBUG=1",
					"$(inherited)",
				);
				GCC_WARN_64_TO_32_BIT_CONVERSION = YES;
				GCC_WARN_ABOUT_RETURN_TYPE = YES_ERROR;
				GCC_WARN_UNDECLARED_SELECTOR = YES;
				GCC_WARN_UNINITIALIZED_AUTOS = YES_AGGRESSIVE;
				GCC_WARN_UNUSED_FUNCTION = YES;
				GCC_WARN_UNUSED_VARIABLE = YES;
				IPHONEOS_DEPLOYMENT_TARGET = 14.4;
				MTL_ENABLE_DEBUG_INFO = INCLUDE_SOURCE;
				MTL_FAST_MATH = YES;
				ONLY_ACTIVE_ARCH = YES;
				SDKROOT = iphoneos;
				SWIFT_ACTIVE_COMPILATION_CONDITIONS = DEBUG;
				SWIFT_OPTIMIZATION_LEVEL = "-Onone";
			};
			name = Debug;
		};
		F16AA5FB25F43FFA00348E8B /* Release */ = {
			isa = XCBuildConfiguration;
			buildSettings = {
				ALWAYS_SEARCH_USER_PATHS = NO;
				CLANG_ANALYZER_NONNULL = YES;
				CLANG_ANALYZER_NUMBER_OBJECT_CONVERSION = YES_AGGRESSIVE;
				CLANG_CXX_LANGUAGE_STANDARD = "gnu++14";
				CLANG_CXX_LIBRARY = "libc++";
				CLANG_ENABLE_MODULES = YES;
				CLANG_ENABLE_OBJC_ARC = YES;
				CLANG_ENABLE_OBJC_WEAK = YES;
				CLANG_WARN_BLOCK_CAPTURE_AUTORELEASING = YES;
				CLANG_WARN_BOOL_CONVERSION = YES;
				CLANG_WARN_COMMA = YES;
				CLANG_WARN_CONSTANT_CONVERSION = YES;
				CLANG_WARN_DEPRECATED_OBJC_IMPLEMENTATIONS = YES;
				CLANG_WARN_DIRECT_OBJC_ISA_USAGE = YES_ERROR;
				CLANG_WARN_DOCUMENTATION_COMMENTS = YES;
				CLANG_WARN_EMPTY_BODY = YES;
				CLANG_WARN_ENUM_CONVERSION = YES;
				CLANG_WARN_INFINITE_RECURSION = YES;
				CLANG_WARN_INT_CONVERSION = YES;
				CLANG_WARN_NON_LITERAL_NULL_CONVERSION = YES;
				CLANG_WARN_OBJC_IMPLICIT_RETAIN_SELF = YES;
				CLANG_WARN_OBJC_LITERAL_CONVERSION = YES;
				CLANG_WARN_OBJC_ROOT_CLASS = YES_ERROR;
				CLANG_WARN_QUOTED_INCLUDE_IN_FRAMEWORK_HEADER = YES;
				CLANG_WARN_RANGE_LOOP_ANALYSIS = YES;
				CLANG_WARN_STRICT_PROTOTYPES = YES;
				CLANG_WARN_SUSPICIOUS_MOVE = YES;
				CLANG_WARN_UNGUARDED_AVAILABILITY = YES_AGGRESSIVE;
				CLANG_WARN_UNREACHABLE_CODE = YES;
				CLANG_WARN__DUPLICATE_METHOD_MATCH = YES;
				COPY_PHASE_STRIP = NO;
				DEBUG_INFORMATION_FORMAT = "dwarf-with-dsym";
				ENABLE_NS_ASSERTIONS = NO;
				ENABLE_STRICT_OBJC_MSGSEND = YES;
				GCC_C_LANGUAGE_STANDARD = gnu11;
				GCC_NO_COMMON_BLOCKS = YES;
				GCC_WARN_64_TO_32_BIT_CONVERSION = YES;
				GCC_WARN_ABOUT_RETURN_TYPE = YES_ERROR;
				GCC_WARN_UNDECLARED_SELECTOR = YES;
				GCC_WARN_UNINITIALIZED_AUTOS = YES_AGGRESSIVE;
				GCC_WARN_UNUSED_FUNCTION = YES;
				GCC_WARN_UNUSED_VARIABLE = YES;
				IPHONEOS_DEPLOYMENT_TARGET = 14.4;
				MTL_ENABLE_DEBUG_INFO = NO;
				MTL_FAST_MATH = YES;
				SDKROOT = iphoneos;
				SWIFT_COMPILATION_MODE = wholemodule;
				SWIFT_OPTIMIZATION_LEVEL = "-O";
				VALIDATE_PRODUCT = YES;
			};
			name = Release;
		};
		F16AA5FD25F43FFA00348E8B /* Debug */ = {
			isa = XCBuildConfiguration;
			buildSettings = {
				ASSETCATALOG_COMPILER_APPICON_NAME = AppIcon;
				ASSETCATALOG_COMPILER_GLOBAL_ACCENT_COLOR_NAME = AccentColor;
				CODE_SIGN_STYLE = Automatic;
				DEVELOPMENT_ASSET_PATHS = "\"FloodDisasterApp/Preview Content\"";
				ENABLE_PREVIEWS = YES;
				INFOPLIST_FILE = FloodDisasterApp/Info.plist;
				IPHONEOS_DEPLOYMENT_TARGET = 14.0;
				LD_RUNPATH_SEARCH_PATHS = (
					"$(inherited)",
					"@executable_path/Frameworks",
				);
				PRODUCT_BUNDLE_IDENTIFIER = com.ParulVeda.FloodDisasterApp;
				PRODUCT_NAME = "$(TARGET_NAME)";
				SWIFT_VERSION = 5.0;
				TARGETED_DEVICE_FAMILY = "1,2";
			};
			name = Debug;
		};
		F16AA5FE25F43FFA00348E8B /* Release */ = {
			isa = XCBuildConfiguration;
			buildSettings = {
				ASSETCATALOG_COMPILER_APPICON_NAME = AppIcon;
				ASSETCATALOG_COMPILER_GLOBAL_ACCENT_COLOR_NAME = AccentColor;
				CODE_SIGN_STYLE = Automatic;
				DEVELOPMENT_ASSET_PATHS = "\"FloodDisasterApp/Preview Content\"";
				ENABLE_PREVIEWS = YES;
				INFOPLIST_FILE = FloodDisasterApp/Info.plist;
				IPHONEOS_DEPLOYMENT_TARGET = 14.0;
				LD_RUNPATH_SEARCH_PATHS = (
					"$(inherited)",
					"@executable_path/Frameworks",
				);
				PRODUCT_BUNDLE_IDENTIFIER = com.ParulVeda.FloodDisasterApp;
				PRODUCT_NAME = "$(TARGET_NAME)";
				SWIFT_VERSION = 5.0;
				TARGETED_DEVICE_FAMILY = "1,2";
			};
			name = Release;
		};
/* End XCBuildConfiguration section */

/* Begin XCConfigurationList section */
		F16AA5E825F43FF700348E8B /* Build configuration list for PBXProject "FloodDisasterApp" */ = {
			isa = XCConfigurationList;
			buildConfigurations = (
				F16AA5FA25F43FFA00348E8B /* Debug */,
				F16AA5FB25F43FFA00348E8B /* Release */,
			);
			defaultConfigurationIsVisible = 0;
			defaultConfigurationName = Release;
		};
		F16AA5FC25F43FFA00348E8B /* Build configuration list for PBXNativeTarget "FloodDisasterApp" */ = {
			isa = XCConfigurationList;
			buildConfigurations = (
				F16AA5FD25F43FFA00348E8B /* Debug */,
				F16AA5FE25F43FFA00348E8B /* Release */,
			);
			defaultConfigurationIsVisible = 0;
			defaultConfigurationName = Release;
		};
/* End XCConfigurationList section */
	};
	rootObject = F16AA5E525F43FF700348E8B /* Project object */;
}
